
Microsoft Visual Studio Solution File, Format Version 12.00
# Visual Studio Version 16
VisualStudioVersion = 16.0.29613.14
MinimumVisualStudioVersion = 15.0.26124.0
Project("{FAE04EC0-301F-11D3-BF4B-00C04F79EFBC}") = "FirstAzureApi", "FirstAzureApi\FirstAzureApi.csproj", "{91D799A3-3F0C-469D-90D9-560519D12B13}"
EndProject
Project("{FAE04EC0-301F-11D3-BF4B-00C04F79EFBC}") = "FirstAzureApiTests", "FirstAzureApiTests\FirstAzureApiTests.csproj", "{0BA80E42-AEC4-4926-9DD7-729DFFFE799D}"
EndProject
Global
	GlobalSection(SolutionConfigurationPlatforms) = preSolution
		Debug|Any CPU = Debug|Any CPU
		Debug|x64 = Debug|x64
		Debug|x86 = Debug|x86
		Release|Any CPU = Release|Any CPU
		Release|x64 = Release|x64
		Release|x86 = Release|x86
	EndGlobalSection
	GlobalSection(ProjectConfigurationPlatforms) = postSolution
		{91D799A3-3F0C-469D-90D9-560519D12B13}.Debug|Any CPU.ActiveCfg = Debug|Any CPU
		{91D799A3-3F0C-469D-90D9-560519D12B13}.Debug|Any CPU.Build.0 = Debug|Any CPU
		{91D799A3-3F0C-469D-90D9-560519D12B13}.Debug|x64.ActiveCfg = Debug|Any CPU
		{91D799A3-3F0C-469D-90D9-560519D12B13}.Debug|x64.Build.0 = Debug|Any CPU
		{91D799A3-3F0C-469D-90D9-560519D12B13}.Debug|x86.ActiveCfg = Debug|Any CPU
		{91D799A3-3F0C-469D-90D9-560519D12B13}.Debug|x86.Build.0 = Debug|Any CPU
		{91D799A3-3F0C-469D-90D9-560519D12B13}.Release|Any CPU.ActiveCfg = Release|Any CPU
		{91D799A3-3F0C-469D-90D9-560519D12B13}.Release|Any CPU.Build.0 = Release|Any CPU
		{91D799A3-3F0C-469D-90D9-560519D12B13}.Release|x64.ActiveCfg = Release|Any CPU
		{91D799A3-3F0C-469D-90D9-560519D12B13}.Release|x64.Build.0 = Release|Any CPU
		{91D799A3-3F0C-469D-90D9-560519D12B13}.Release|x86.ActiveCfg = Release|Any CPU
		{91D799A3-3F0C-469D-90D9-560519D12B13}.Release|x86.Build.0 = Release|Any CPU
		{0BA80E42-AEC4-4926-9DD7-729DFFFE799D}.Debug|Any CPU.ActiveCfg = Debug|Any CPU
		{0BA80E42-AEC4-4926-9DD7-729DFFFE799D}.Debug|Any CPU.Build.0 = Debug|Any CPU
		{0BA80E42-AEC4-4926-9DD7-729DFFFE799D}.Debug|x64.ActiveCfg = Debug|Any CPU
		{0BA80E42-AEC4-4926-9DD7-729DFFFE799D}.Debug|x64.Build.0 = Debug|Any CPU
		{0BA80E42-AEC4-4926-9DD7-729DFFFE799D}.Debug|x86.ActiveCfg = Debug|Any CPU
		{0BA80E42-AEC4-4926-9DD7-729DFFFE799D}.Debug|x86.Build.0 = Debug|Any CPU
		{0BA80E42-AEC4-4926-9DD7-729DFFFE799D}.Release|Any CPU.ActiveCfg = Release|Any CPU
		{0BA80E42-AEC4-4926-9DD7-729DFFFE799D}.Release|Any CPU.Build.0 = Release|Any CPU
		{0BA80E42-AEC4-4926-9DD7-729DFFFE799D}.Release|x64.ActiveCfg = Release|Any CPU
		{0BA80E42-AEC4-4926-9DD7-729DFFFE799D}.Release|x64.Build.0 = Release|Any CPU
		{0BA80E42-AEC4-4926-9DD7-729DFFFE799D}.Release|x86.ActiveCfg = Release|Any CPU
		{0BA80E42-AEC4-4926-9DD7-729DFFFE799D}.Release|x86.Build.0 = Release|Any CPU
	EndGlobalSection
	GlobalSection(SolutionProperties) = preSolution
		HideSolutionNode = FALSE
	EndGlobalSection
	GlobalSection(ExtensibilityGlobals) = postSolution
		SolutionGuid = {BC1BEF8E-29E1-4417-AFA3-F04110CA4FAC}
	EndGlobalSection
EndGlobal
